Microsoft Visual Studio Solution File, Format Version 12.00
# Visual Studio Version 17
VisualStudioVersion = 17.5.2.0
MinimumVisualStudioVersion = 10.0.40219.1
Project("{FAE04EC0-301F-11D3-BF4B-00C04F79EFBC}") = "ProjectOne", "ProjectOne.csproj", "{F7F8689C-40CC-38CD-6BE1-AFFE479885B0}"
EndProject
Global
	GlobalSection(SolutionConfigurationPlatforms) = preSolution
		Debug|Any CPU = Debug|Any CPU
		Release|Any CPU = Release|Any CPU
	EndGlobalSection
	GlobalSection(ProjectConfigurationPlatforms) = postSolution
		{F7F8689C-40CC-38CD-6BE1-AFFE479885B0}.Debug|Any CPU.ActiveCfg = Debug|Any CPU
		{F7F8689C-40CC-38CD-6BE1-AFFE479885B0}.Debug|Any CPU.Build.0 = Debug|Any CPU
		{F7F8689C-40CC-38CD-6BE1-AFFE479885B0}.Release|Any CPU.ActiveCfg = Release|Any CPU
		{F7F8689C-40CC-38CD-6BE1-AFFE479885B0}.Release|Any CPU.Build.0 = Release|Any CPU
	EndGlobalSection
	GlobalSection(SolutionProperties) = preSolution
		HideSolutionNode = FALSE
	EndGlobalSection
	GlobalSection(ExtensibilityGlobals) = postSolution
		SolutionGuid = {F0F7B8D0-298F-4045-931A-71366CCD544D}
	EndGlobalSection
EndGlobal
